
Microsoft Visual Studio Solution File, Format Version 12.00
# Visual Studio Version 17
VisualStudioVersion = 17.12.35527.113 d17.12
MinimumVisualStudioVersion = 10.0.40219.1
Project("{FAE04EC0-301F-11D3-BF4B-00C04F79EFBC}") = "task 1", "task 1.csproj", "{EF140DB5-E896-4712-ADBF-E0FA2B8A6F5B}"
EndProject
Global
	GlobalSection(SolutionConfigurationPlatforms) = preSolution
		Debug|Any CPU = Debug|Any CPU
		Release|Any CPU = Release|Any CPU
	EndGlobalSection
	GlobalSection(ProjectConfigurationPlatforms) = postSolution
		{EF140DB5-E896-4712-ADBF-E0FA2B8A6F5B}.Debug|Any CPU.ActiveCfg = Debug|Any CPU
		{EF140DB5-E896-4712-ADBF-E0FA2B8A6F5B}.Debug|Any CPU.Build.0 = Debug|Any CPU
		{EF140DB5-E896-4712-ADBF-E0FA2B8A6F5B}.Release|Any CPU.ActiveCfg = Release|Any CPU
		{EF140DB5-E896-4712-ADBF-E0FA2B8A6F5B}.Release|Any CPU.Build.0 = Release|Any CPU
	EndGlobalSection
	GlobalSection(SolutionProperties) = preSolution
		HideSolutionNode = FALSE
	EndGlobalSection
EndGlobal
